
Microsoft Visual Studio Solution File, Format Version 10.00
# Visual C# Express 2008
Project("{FAE04EC0-301F-11D3-BF4B-00C04F79EFBC}") = "Aeternal", "Animator\Aeternal.csproj", "{11D97019-CECC-488D-BAB3-D626920B7160}"
EndProject
Project("{FAE04EC0-301F-11D3-BF4B-00C04F79EFBC}") = "EternalEngine", "..\MMHAnimation\MMHAnimation\EternalEngine.csproj", "{5BD088C5-A03E-4227-A87B-B0EA9B088F60}"
EndProject
Global
	GlobalSection(SolutionConfigurationPlatforms) = preSolution
		Debug|Any CPU = Debug|Any CPU
		Release|Any CPU = Release|Any CPU
	EndGlobalSection
	GlobalSection(ProjectConfigurationPlatforms) = postSolution
		{11D97019-CECC-488D-BAB3-D626920B7160}.Debug|Any CPU.ActiveCfg = Debug|Any CPU
		{11D97019-CECC-488D-BAB3-D626920B7160}.Debug|Any CPU.Build.0 = Debug|Any CPU
		{11D97019-CECC-488D-BAB3-D626920B7160}.Release|Any CPU.ActiveCfg = Release|Any CPU
		{11D97019-CECC-488D-BAB3-D626920B7160}.Release|Any CPU.Build.0 = Release|Any CPU
		{5BD088C5-A03E-4227-A87B-B0EA9B088F60}.Debug|Any CPU.ActiveCfg = Debug|Any CPU
		{5BD088C5-A03E-4227-A87B-B0EA9B088F60}.Debug|Any CPU.Build.0 = Debug|Any CPU
		{5BD088C5-A03E-4227-A87B-B0EA9B088F60}.Release|Any CPU.ActiveCfg = Release|Any CPU
		{5BD088C5-A03E-4227-A87B-B0EA9B088F60}.Release|Any CPU.Build.0 = Release|Any CPU
	EndGlobalSection
	GlobalSection(SolutionProperties) = preSolution
		HideSolutionNode = FALSE
	EndGlobalSection
EndGlobal
